
Microsoft Visual Studio Solution File, Format Version 12.00
# Visual Studio 15
Project("{FAE04EC0-301F-11D3-BF4B-00C04F79EFBC}") = "UnityEngine.TestRunner", "UnityEngine.TestRunner.csproj", "{3D6E8797-D9E8-B3C7-B11E-39D3B0A153C6}"
EndProject
Project("{FAE04EC0-301F-11D3-BF4B-00C04F79EFBC}") = "UnityEngine.UI", "UnityEngine.UI.csproj", "{3C3DBA18-1521-4810-4FDA-4BC2ECC1FE7B}"
EndProject
Project("{FAE04EC0-301F-11D3-BF4B-00C04F79EFBC}") = "Unity.TextMeshPro", "Unity.TextMeshPro.csproj", "{0F9B5688-E159-A99A-9219-5A8B71ACD4DB}"
EndProject
Project("{FAE04EC0-301F-11D3-BF4B-00C04F79EFBC}") = "Unity.Timeline", "Unity.Timeline.csproj", "{5ED474A7-8A7D-8392-5ADC-45CE6D09A5CD}"
EndProject
Project("{FAE04EC0-301F-11D3-BF4B-00C04F79EFBC}") = "Assembly-CSharp", "Assembly-CSharp.csproj", "{947FA82A-968D-6F2C-771F-FB3EF1D70E08}"
EndProject
Project("{FAE04EC0-301F-11D3-BF4B-00C04F79EFBC}") = "Unity.TextMeshPro.Editor", "Unity.TextMeshPro.Editor.csproj", "{2F3AB124-334B-8A02-0483-98C0103EF610}"
EndProject
Project("{FAE04EC0-301F-11D3-BF4B-00C04F79EFBC}") = "Unity.Timeline.Editor", "Unity.Timeline.Editor.csproj", "{120A3FFD-9088-E6BC-1D2D-9E22785080AD}"
EndProject
Project("{FAE04EC0-301F-11D3-BF4B-00C04F79EFBC}") = "UnityEditor.TestRunner", "UnityEditor.TestRunner.csproj", "{DBB51BC9-B0DC-5397-9D62-7176F6A6F5B9}"
EndProject
Project("{FAE04EC0-301F-11D3-BF4B-00C04F79EFBC}") = "UnityEditor.UI", "UnityEditor.UI.csproj", "{08F6FD02-4734-3381-B2CF-757BD5725AF9}"
EndProject
Project("{FAE04EC0-301F-11D3-BF4B-00C04F79EFBC}") = "Assembly-CSharp-Editor", "Assembly-CSharp-Editor.csproj", "{CE0E4D23-A22D-D44D-064D-1362AF940AFF}"
EndProject
Project("{FAE04EC0-301F-11D3-BF4B-00C04F79EFBC}") = "Unity.Rider.Editor", "Unity.Rider.Editor.csproj", "{B36B77FD-A34A-078A-6A6A-46ABFB8F3620}"
EndProject
Project("{FAE04EC0-301F-11D3-BF4B-00C04F79EFBC}") = "Unity.CollabProxy.Editor", "Unity.CollabProxy.Editor.csproj", "{D89D1BD8-5A39-AC52-52A7-EF4AE01A631A}"
EndProject
Project("{FAE04EC0-301F-11D3-BF4B-00C04F79EFBC}") = "Unity.VSCode.Editor", "Unity.VSCode.Editor.csproj", "{1CE9CA7C-BFC3-5D96-2A87-C7F875731D47}"
EndProject
Global
	GlobalSection(SolutionConfigurationPlatforms) = preSolution
		Debug|Any CPU = Debug|Any CPU
		Release|Any CPU = Release|Any CPU
	EndGlobalSection
	GlobalSection(ProjectConfigurationPlatforms) = postSolution
		{3D6E8797-D9E8-B3C7-B11E-39D3B0A153C6}.Debug|Any CPU.ActiveCfg = Debug|Any CPU
		{3D6E8797-D9E8-B3C7-B11E-39D3B0A153C6}.Debug|Any CPU.Build.0 = Debug|Any CPU
		{3D6E8797-D9E8-B3C7-B11E-39D3B0A153C6}.Release|Any CPU.ActiveCfg = Release|Any CPU
		{3D6E8797-D9E8-B3C7-B11E-39D3B0A153C6}.Release|Any CPU.Build.0 = Release|Any CPU
		{3C3DBA18-1521-4810-4FDA-4BC2ECC1FE7B}.Debug|Any CPU.ActiveCfg = Debug|Any CPU
		{3C3DBA18-1521-4810-4FDA-4BC2ECC1FE7B}.Debug|Any CPU.Build.0 = Debug|Any CPU
		{3C3DBA18-1521-4810-4FDA-4BC2ECC1FE7B}.Release|Any CPU.ActiveCfg = Release|Any CPU
		{3C3DBA18-1521-4810-4FDA-4BC2ECC1FE7B}.Release|Any CPU.Build.0 = Release|Any CPU
		{0F9B5688-E159-A99A-9219-5A8B71ACD4DB}.Debug|Any CPU.ActiveCfg = Debug|Any CPU
		{0F9B5688-E159-A99A-9219-5A8B71ACD4DB}.Debug|Any CPU.Build.0 = Debug|Any CPU
		{0F9B5688-E159-A99A-9219-5A8B71ACD4DB}.Release|Any CPU.ActiveCfg = Release|Any CPU
		{0F9B5688-E159-A99A-9219-5A8B71ACD4DB}.Release|Any CPU.Build.0 = Release|Any CPU
		{5ED474A7-8A7D-8392-5ADC-45CE6D09A5CD}.Debug|Any CPU.ActiveCfg = Debug|Any CPU
		{5ED474A7-8A7D-8392-5ADC-45CE6D09A5CD}.Debug|Any CPU.Build.0 = Debug|Any CPU
		{5ED474A7-8A7D-8392-5ADC-45CE6D09A5CD}.Release|Any CPU.ActiveCfg = Release|Any CPU
		{5ED474A7-8A7D-8392-5ADC-45CE6D09A5CD}.Release|Any CPU.Build.0 = Release|Any CPU
		{947FA82A-968D-6F2C-771F-FB3EF1D70E08}.Debug|Any CPU.ActiveCfg = Debug|Any CPU
		{947FA82A-968D-6F2C-771F-FB3EF1D70E08}.Debug|Any CPU.Build.0 = Debug|Any CPU
		{947FA82A-968D-6F2C-771F-FB3EF1D70E08}.Release|Any CPU.ActiveCfg = Release|Any CPU
		{947FA82A-968D-6F2C-771F-FB3EF1D70E08}.Release|Any CPU.Build.0 = Release|Any CPU
		{2F3AB124-334B-8A02-0483-98C0103EF610}.Debug|Any CPU.ActiveCfg = Debug|Any CPU
		{2F3AB124-334B-8A02-0483-98C0103EF610}.Debug|Any CPU.Build.0 = Debug|Any CPU
		{2F3AB124-334B-8A02-0483-98C0103EF610}.Release|Any CPU.ActiveCfg = Release|Any CPU
		{2F3AB124-334B-8A02-0483-98C0103EF610}.Release|Any CPU.Build.0 = Release|Any CPU
		{120A3FFD-9088-E6BC-1D2D-9E22785080AD}.Debug|Any CPU.ActiveCfg = Debug|Any CPU
		{120A3FFD-9088-E6BC-1D2D-9E22785080AD}.Debug|Any CPU.Build.0 = Debug|Any CPU
		{120A3FFD-9088-E6BC-1D2D-9E22785080AD}.Release|Any CPU.ActiveCfg = Release|Any CPU
		{120A3FFD-9088-E6BC-1D2D-9E22785080AD}.Release|Any CPU.Build.0 = Release|Any CPU
		{DBB51BC9-B0DC-5397-9D62-7176F6A6F5B9}.Debug|Any CPU.ActiveCfg = Debug|Any CPU
		{DBB51BC9-B0DC-5397-9D62-7176F6A6F5B9}.Debug|Any CPU.Build.0 = Debug|Any CPU
		{DBB51BC9-B0DC-5397-9D62-7176F6A6F5B9}.Release|Any CPU.ActiveCfg = Release|Any CPU
		{DBB51BC9-B0DC-5397-9D62-7176F6A6F5B9}.Release|Any CPU.Build.0 = Release|Any CPU
		{08F6FD02-4734-3381-B2CF-757BD5725AF9}.Debug|Any CPU.ActiveCfg = Debug|Any CPU
		{08F6FD02-4734-3381-B2CF-757BD5725AF9}.Debug|Any CPU.Build.0 = Debug|Any CPU
		{08F6FD02-4734-3381-B2CF-757BD5725AF9}.Release|Any CPU.ActiveCfg = Release|Any CPU
		{08F6FD02-4734-3381-B2CF-757BD5725AF9}.Release|Any CPU.Build.0 = Release|Any CPU
		{CE0E4D23-A22D-D44D-064D-1362AF940AFF}.Debug|Any CPU.ActiveCfg = Debug|Any CPU
		{CE0E4D23-A22D-D44D-064D-1362AF940AFF}.Debug|Any CPU.Build.0 = Debug|Any CPU
		{CE0E4D23-A22D-D44D-064D-1362AF940AFF}.Release|Any CPU.ActiveCfg = Release|Any CPU
		{CE0E4D23-A22D-D44D-064D-1362AF940AFF}.Release|Any CPU.Build.0 = Release|Any CPU
		{B36B77FD-A34A-078A-6A6A-46ABFB8F3620}.Debug|Any CPU.ActiveCfg = Debug|Any CPU
		{B36B77FD-A34A-078A-6A6A-46ABFB8F3620}.Debug|Any CPU.Build.0 = Debug|Any CPU
		{B36B77FD-A34A-078A-6A6A-46ABFB8F3620}.Release|Any CPU.ActiveCfg = Release|Any CPU
		{B36B77FD-A34A-078A-6A6A-46ABFB8F3620}.Release|Any CPU.Build.0 = Release|Any CPU
		{D89D1BD8-5A39-AC52-52A7-EF4AE01A631A}.Debug|Any CPU.ActiveCfg = Debug|Any CPU
		{D89D1BD8-5A39-AC52-52A7-EF4AE01A631A}.Debug|Any CPU.Build.0 = Debug|Any CPU
		{D89D1BD8-5A39-AC52-52A7-EF4AE01A631A}.Release|Any CPU.ActiveCfg = Release|Any CPU
		{D89D1BD8-5A39-AC52-52A7-EF4AE01A631A}.Release|Any CPU.Build.0 = Release|Any CPU
		{1CE9CA7C-BFC3-5D96-2A87-C7F875731D47}.Debug|Any CPU.ActiveCfg = Debug|Any CPU
		{1CE9CA7C-BFC3-5D96-2A87-C7F875731D47}.Debug|Any CPU.Build.0 = Debug|Any CPU
		{1CE9CA7C-BFC3-5D96-2A87-C7F875731D47}.Release|Any CPU.ActiveCfg = Release|Any CPU
		{1CE9CA7C-BFC3-5D96-2A87-C7F875731D47}.Release|Any CPU.Build.0 = Release|Any CPU
	EndGlobalSection
	GlobalSection(SolutionProperties) = preSolution
		HideSolutionNode = FALSE
	EndGlobalSection
EndGlobal
